{
  "name": "MindSpace-Web",
  "lockfileVersion": 3,
  "requires": true,
  "packages": {
    "": {
      "dependencies": {
        "vanilla-tilt": "^1.8.1"
      }
    },
    "node_modules/vanilla-tilt": {
      "version": "1.8.1",
      "resolved": "https://registry.npmjs.org/vanilla-tilt/-/vanilla-tilt-1.8.1.tgz",
      "integrity": "sha512-hPB1XUsnh+SIeVSW2beb5RnuFxz4ZNgxjGD78o52F49gS4xaoLeEMh9qrQnJrnEn/vjjBI7IlxrrXmz4tGV0Kw=="
    }
  }
}
